{
  "version": 4,
  "terraform_version": "1.2.9",
  "serial": 77,
  "lineage": "adc7352d-1446-68a0-c493-baed440f89f2",
  "outputs": {},
  "resources": [
    {
      "mode": "managed",
      "type": "google_compute_instance",
      "name": "default",
      "provider": "provider[\"registry.terraform.io/hashicorp/google\"]",
      "instances": [
        {
          "index_key": 0,
          "schema_version": 6,
          "attributes": {
            "advanced_machine_features": [],
            "allow_stopping_for_update": null,
            "attached_disk": [],
            "boot_disk": [
              {
                "auto_delete": true,
                "device_name": "persistent-disk-0",
                "disk_encryption_key_raw": "",
                "disk_encryption_key_sha256": "",
                "initialize_params": [
                  {
                    "image": "https://www.googleapis.com/compute/v1/projects/ubuntu-os-cloud/global/images/ubuntu-minimal-2204-jammy-v20220902",
                    "labels": {},
                    "size": 500,
                    "type": "pd-standard"
                  }
                ],
                "kms_key_self_link": "",
                "mode": "READ_WRITE",
                "source": "https://www.googleapis.com/compute/v1/projects/salab-273415/zones/us-central1-a/disks/partner-training0"
              }
            ],
            "can_ip_forward": false,
            "confidential_instance_config": [],
            "cpu_platform": "Intel Cascade Lake",
            "current_status": "RUNNING",
            "deletion_protection": false,
            "description": "",
            "desired_status": null,
            "enable_display": false,
            "guest_accelerator": [],
            "hostname": "",
            "id": "projects/salab-273415/zones/us-central1-a/instances/partner-training0",
            "instance_id": "5347042082618198374",
            "label_fingerprint": "42WmSpB8rSM=",
            "labels": {},
            "machine_type": "n2-standard-4",
            "metadata": {
              "ssh-keys": "stefankroll:ssh-rsa AAAAB3NzaC1yc2EAAAADAQABAAABgQCdnhE69RAkkyYTzJ9pmRBoVy/XjR/DqLX1BT1tEPOP2LokZN7bKy5WfWwOmV/QznpoAglhhlKPIseG5TwjzFQYRpGcqC9ZOutiNhl+HpY9z4ZAOuAkGgMnAKt0NYXHqPgm7Yu+nLhePOFDglm/tvWakPHZMgUTEHvNwuxEqtBGksEdt4baeiNteOSn6YcGXDnnvPhTo/wT2cH3PMujX/gv+BXkm4Wv/Ac999gM/XeCuEepuOxVJyfvVle7w933etfX1h0dmslTybBxXPmdVEQVbP2JXsfZmxUz5XAd7KBCCICbS3QQ/3Yjf/UAXy0Kxn5Pg0/x9tpuHXOUAGVf8P8ExHN83BT+PdD1OAiqfroDmVlyk1/RJZt1aT7U0jgXv4uQhyghuv4Ab7ot0mRfxfJB4bKm/475TKh5Q6VUjK7zfYaEzrqDUJnTvBqHuM2x1PGfWR5Nx+w8+eniZmBhe0QzerT8hsM6PUUTN5mvfr/0ikQRfLAgAh4gEyCCcJIXsF0= stefankroll@triliobook.local\n"
            },
            "metadata_fingerprint": "X0sklaUuuK8=",
            "metadata_startup_script": null,
            "min_cpu_platform": "",
            "name": "partner-training0",
            "network_interface": [
              {
                "access_config": [
                  {
                    "nat_ip": "35.184.59.233",
                    "network_tier": "PREMIUM",
                    "public_ptr_domain_name": ""
                  }
                ],
                "alias_ip_range": [],
                "ipv6_access_config": [],
                "ipv6_access_type": "",
                "name": "nic0",
                "network": "https://www.googleapis.com/compute/v1/projects/salab-273415/global/networks/default",
                "network_ip": "10.128.0.29",
                "nic_type": "",
                "queue_count": 0,
                "stack_type": "IPV4_ONLY",
                "subnetwork": "https://www.googleapis.com/compute/v1/projects/salab-273415/regions/us-central1/subnetworks/default",
                "subnetwork_project": "salab-273415"
              }
            ],
            "project": "salab-273415",
            "reservation_affinity": [],
            "resource_policies": [],
            "scheduling": [
              {
                "automatic_restart": true,
                "min_node_cpus": 0,
                "node_affinities": [],
                "on_host_maintenance": "MIGRATE",
                "preemptible": false
              }
            ],
            "scratch_disk": [
              {
                "interface": "SCSI"
              }
            ],
            "self_link": "https://www.googleapis.com/compute/v1/projects/salab-273415/zones/us-central1-a/instances/partner-training0",
            "service_account": [],
            "shielded_instance_config": [
              {
                "enable_integrity_monitoring": true,
                "enable_secure_boot": false,
                "enable_vtpm": true
              }
            ],
            "tags": [
              "stefan",
              "terraform"
            ],
            "tags_fingerprint": "mKlyezn3Msk=",
            "timeouts": null,
            "zone": "us-central1-a"
          },
          "sensitive_attributes": [],
          "private": "eyJlMmJmYjczMC1lY2FhLTExZTYtOGY4OC0zNDM2M2JjN2M0YzAiOnsiY3JlYXRlIjoxMjAwMDAwMDAwMDAwLCJkZWxldGUiOjEyMDAwMDAwMDAwMDAsInVwZGF0ZSI6MTIwMDAwMDAwMDAwMH0sInNjaGVtYV92ZXJzaW9uIjoiNiJ9"
        },
        {
          "index_key": 1,
          "schema_version": 6,
          "attributes": {
            "advanced_machine_features": [],
            "allow_stopping_for_update": null,
            "attached_disk": [],
            "boot_disk": [
              {
                "auto_delete": true,
                "device_name": "persistent-disk-0",
                "disk_encryption_key_raw": "",
                "disk_encryption_key_sha256": "",
                "initialize_params": [
                  {
                    "image": "https://www.googleapis.com/compute/v1/projects/ubuntu-os-cloud/global/images/ubuntu-minimal-2204-jammy-v20220902",
                    "labels": {},
                    "size": 500,
                    "type": "pd-standard"
                  }
                ],
                "kms_key_self_link": "",
                "mode": "READ_WRITE",
                "source": "https://www.googleapis.com/compute/v1/projects/salab-273415/zones/us-central1-a/disks/partner-training1"
              }
            ],
            "can_ip_forward": false,
            "confidential_instance_config": [],
            "cpu_platform": "Intel Cascade Lake",
            "current_status": "RUNNING",
            "deletion_protection": false,
            "description": "",
            "desired_status": null,
            "enable_display": false,
            "guest_accelerator": [],
            "hostname": "",
            "id": "projects/salab-273415/zones/us-central1-a/instances/partner-training1",
            "instance_id": "203235162681887033",
            "label_fingerprint": "42WmSpB8rSM=",
            "labels": {},
            "machine_type": "n2-standard-4",
            "metadata": {
              "ssh-keys": "stefankroll:ssh-rsa AAAAB3NzaC1yc2EAAAADAQABAAABgQCdnhE69RAkkyYTzJ9pmRBoVy/XjR/DqLX1BT1tEPOP2LokZN7bKy5WfWwOmV/QznpoAglhhlKPIseG5TwjzFQYRpGcqC9ZOutiNhl+HpY9z4ZAOuAkGgMnAKt0NYXHqPgm7Yu+nLhePOFDglm/tvWakPHZMgUTEHvNwuxEqtBGksEdt4baeiNteOSn6YcGXDnnvPhTo/wT2cH3PMujX/gv+BXkm4Wv/Ac999gM/XeCuEepuOxVJyfvVle7w933etfX1h0dmslTybBxXPmdVEQVbP2JXsfZmxUz5XAd7KBCCICbS3QQ/3Yjf/UAXy0Kxn5Pg0/x9tpuHXOUAGVf8P8ExHN83BT+PdD1OAiqfroDmVlyk1/RJZt1aT7U0jgXv4uQhyghuv4Ab7ot0mRfxfJB4bKm/475TKh5Q6VUjK7zfYaEzrqDUJnTvBqHuM2x1PGfWR5Nx+w8+eniZmBhe0QzerT8hsM6PUUTN5mvfr/0ikQRfLAgAh4gEyCCcJIXsF0= stefankroll@triliobook.local\n"
            },
            "metadata_fingerprint": "X0sklaUuuK8=",
            "metadata_startup_script": null,
            "min_cpu_platform": "",
            "name": "partner-training1",
            "network_interface": [
              {
                "access_config": [
                  {
                    "nat_ip": "34.170.61.207",
                    "network_tier": "PREMIUM",
                    "public_ptr_domain_name": ""
                  }
                ],
                "alias_ip_range": [],
                "ipv6_access_config": [],
                "ipv6_access_type": "",
                "name": "nic0",
                "network": "https://www.googleapis.com/compute/v1/projects/salab-273415/global/networks/default",
                "network_ip": "10.128.0.89",
                "nic_type": "",
                "queue_count": 0,
                "stack_type": "IPV4_ONLY",
                "subnetwork": "https://www.googleapis.com/compute/v1/projects/salab-273415/regions/us-central1/subnetworks/default",
                "subnetwork_project": "salab-273415"
              }
            ],
            "project": "salab-273415",
            "reservation_affinity": [],
            "resource_policies": [],
            "scheduling": [
              {
                "automatic_restart": true,
                "min_node_cpus": 0,
                "node_affinities": [],
                "on_host_maintenance": "MIGRATE",
                "preemptible": false
              }
            ],
            "scratch_disk": [
              {
                "interface": "SCSI"
              }
            ],
            "self_link": "https://www.googleapis.com/compute/v1/projects/salab-273415/zones/us-central1-a/instances/partner-training1",
            "service_account": [],
            "shielded_instance_config": [
              {
                "enable_integrity_monitoring": true,
                "enable_secure_boot": false,
                "enable_vtpm": true
              }
            ],
            "tags": [
              "stefan",
              "terraform"
            ],
            "tags_fingerprint": "mKlyezn3Msk=",
            "timeouts": null,
            "zone": "us-central1-a"
          },
          "sensitive_attributes": [],
          "private": "eyJlMmJmYjczMC1lY2FhLTExZTYtOGY4OC0zNDM2M2JjN2M0YzAiOnsiY3JlYXRlIjoxMjAwMDAwMDAwMDAwLCJkZWxldGUiOjEyMDAwMDAwMDAwMDAsInVwZGF0ZSI6MTIwMDAwMDAwMDAwMH0sInNjaGVtYV92ZXJzaW9uIjoiNiJ9"
        },
        {
          "index_key": 2,
          "schema_version": 6,
          "attributes": {
            "advanced_machine_features": [],
            "allow_stopping_for_update": null,
            "attached_disk": [],
            "boot_disk": [
              {
                "auto_delete": true,
                "device_name": "persistent-disk-0",
                "disk_encryption_key_raw": "",
                "disk_encryption_key_sha256": "",
                "initialize_params": [
                  {
                    "image": "https://www.googleapis.com/compute/v1/projects/ubuntu-os-cloud/global/images/ubuntu-minimal-2204-jammy-v20220902",
                    "labels": {},
                    "size": 500,
                    "type": "pd-standard"
                  }
                ],
                "kms_key_self_link": "",
                "mode": "READ_WRITE",
                "source": "https://www.googleapis.com/compute/v1/projects/salab-273415/zones/us-central1-a/disks/partner-training2"
              }
            ],
            "can_ip_forward": false,
            "confidential_instance_config": [],
            "cpu_platform": "Intel Cascade Lake",
            "current_status": "RUNNING",
            "deletion_protection": false,
            "description": "",
            "desired_status": null,
            "enable_display": false,
            "guest_accelerator": [],
            "hostname": "",
            "id": "projects/salab-273415/zones/us-central1-a/instances/partner-training2",
            "instance_id": "693443015947438393",
            "label_fingerprint": "42WmSpB8rSM=",
            "labels": {},
            "machine_type": "n2-standard-4",
            "metadata": {
              "ssh-keys": "stefankroll:ssh-rsa AAAAB3NzaC1yc2EAAAADAQABAAABgQCdnhE69RAkkyYTzJ9pmRBoVy/XjR/DqLX1BT1tEPOP2LokZN7bKy5WfWwOmV/QznpoAglhhlKPIseG5TwjzFQYRpGcqC9ZOutiNhl+HpY9z4ZAOuAkGgMnAKt0NYXHqPgm7Yu+nLhePOFDglm/tvWakPHZMgUTEHvNwuxEqtBGksEdt4baeiNteOSn6YcGXDnnvPhTo/wT2cH3PMujX/gv+BXkm4Wv/Ac999gM/XeCuEepuOxVJyfvVle7w933etfX1h0dmslTybBxXPmdVEQVbP2JXsfZmxUz5XAd7KBCCICbS3QQ/3Yjf/UAXy0Kxn5Pg0/x9tpuHXOUAGVf8P8ExHN83BT+PdD1OAiqfroDmVlyk1/RJZt1aT7U0jgXv4uQhyghuv4Ab7ot0mRfxfJB4bKm/475TKh5Q6VUjK7zfYaEzrqDUJnTvBqHuM2x1PGfWR5Nx+w8+eniZmBhe0QzerT8hsM6PUUTN5mvfr/0ikQRfLAgAh4gEyCCcJIXsF0= stefankroll@triliobook.local\n"
            },
            "metadata_fingerprint": "X0sklaUuuK8=",
            "metadata_startup_script": null,
            "min_cpu_platform": "",
            "name": "partner-training2",
            "network_interface": [
              {
                "access_config": [
                  {
                    "nat_ip": "34.68.119.183",
                    "network_tier": "PREMIUM",
                    "public_ptr_domain_name": ""
                  }
                ],
                "alias_ip_range": [],
                "ipv6_access_config": [],
                "ipv6_access_type": "",
                "name": "nic0",
                "network": "https://www.googleapis.com/compute/v1/projects/salab-273415/global/networks/default",
                "network_ip": "10.128.0.62",
                "nic_type": "",
                "queue_count": 0,
                "stack_type": "IPV4_ONLY",
                "subnetwork": "https://www.googleapis.com/compute/v1/projects/salab-273415/regions/us-central1/subnetworks/default",
                "subnetwork_project": "salab-273415"
              }
            ],
            "project": "salab-273415",
            "reservation_affinity": [],
            "resource_policies": [],
            "scheduling": [
              {
                "automatic_restart": true,
                "min_node_cpus": 0,
                "node_affinities": [],
                "on_host_maintenance": "MIGRATE",
                "preemptible": false
              }
            ],
            "scratch_disk": [
              {
                "interface": "SCSI"
              }
            ],
            "self_link": "https://www.googleapis.com/compute/v1/projects/salab-273415/zones/us-central1-a/instances/partner-training2",
            "service_account": [],
            "shielded_instance_config": [
              {
                "enable_integrity_monitoring": true,
                "enable_secure_boot": false,
                "enable_vtpm": true
              }
            ],
            "tags": [
              "stefan",
              "terraform"
            ],
            "tags_fingerprint": "mKlyezn3Msk=",
            "timeouts": null,
            "zone": "us-central1-a"
          },
          "sensitive_attributes": [],
          "private": "eyJlMmJmYjczMC1lY2FhLTExZTYtOGY4OC0zNDM2M2JjN2M0YzAiOnsiY3JlYXRlIjoxMjAwMDAwMDAwMDAwLCJkZWxldGUiOjEyMDAwMDAwMDAwMDAsInVwZGF0ZSI6MTIwMDAwMDAwMDAwMH0sInNjaGVtYV92ZXJzaW9uIjoiNiJ9"
        },
        {
          "index_key": 3,
          "schema_version": 6,
          "attributes": {
            "advanced_machine_features": [],
            "allow_stopping_for_update": null,
            "attached_disk": [],
            "boot_disk": [
              {
                "auto_delete": true,
                "device_name": "persistent-disk-0",
                "disk_encryption_key_raw": "",
                "disk_encryption_key_sha256": "",
                "initialize_params": [
                  {
                    "image": "https://www.googleapis.com/compute/v1/projects/ubuntu-os-cloud/global/images/ubuntu-minimal-2204-jammy-v20220902",
                    "labels": {},
                    "size": 500,
                    "type": "pd-standard"
                  }
                ],
                "kms_key_self_link": "",
                "mode": "READ_WRITE",
                "source": "https://www.googleapis.com/compute/v1/projects/salab-273415/zones/us-central1-a/disks/partner-training3"
              }
            ],
            "can_ip_forward": false,
            "confidential_instance_config": [],
            "cpu_platform": "Intel Cascade Lake",
            "current_status": "RUNNING",
            "deletion_protection": false,
            "description": "",
            "desired_status": null,
            "enable_display": false,
            "guest_accelerator": [],
            "hostname": "",
            "id": "projects/salab-273415/zones/us-central1-a/instances/partner-training3",
            "instance_id": "6778714317719456057",
            "label_fingerprint": "42WmSpB8rSM=",
            "labels": {},
            "machine_type": "n2-standard-4",
            "metadata": {
              "ssh-keys": "stefankroll:ssh-rsa AAAAB3NzaC1yc2EAAAADAQABAAABgQCdnhE69RAkkyYTzJ9pmRBoVy/XjR/DqLX1BT1tEPOP2LokZN7bKy5WfWwOmV/QznpoAglhhlKPIseG5TwjzFQYRpGcqC9ZOutiNhl+HpY9z4ZAOuAkGgMnAKt0NYXHqPgm7Yu+nLhePOFDglm/tvWakPHZMgUTEHvNwuxEqtBGksEdt4baeiNteOSn6YcGXDnnvPhTo/wT2cH3PMujX/gv+BXkm4Wv/Ac999gM/XeCuEepuOxVJyfvVle7w933etfX1h0dmslTybBxXPmdVEQVbP2JXsfZmxUz5XAd7KBCCICbS3QQ/3Yjf/UAXy0Kxn5Pg0/x9tpuHXOUAGVf8P8ExHN83BT+PdD1OAiqfroDmVlyk1/RJZt1aT7U0jgXv4uQhyghuv4Ab7ot0mRfxfJB4bKm/475TKh5Q6VUjK7zfYaEzrqDUJnTvBqHuM2x1PGfWR5Nx+w8+eniZmBhe0QzerT8hsM6PUUTN5mvfr/0ikQRfLAgAh4gEyCCcJIXsF0= stefankroll@triliobook.local\n"
            },
            "metadata_fingerprint": "X0sklaUuuK8=",
            "metadata_startup_script": null,
            "min_cpu_platform": "",
            "name": "partner-training3",
            "network_interface": [
              {
                "access_config": [
                  {
                    "nat_ip": "104.198.186.185",
                    "network_tier": "PREMIUM",
                    "public_ptr_domain_name": ""
                  }
                ],
                "alias_ip_range": [],
                "ipv6_access_config": [],
                "ipv6_access_type": "",
                "name": "nic0",
                "network": "https://www.googleapis.com/compute/v1/projects/salab-273415/global/networks/default",
                "network_ip": "10.128.0.87",
                "nic_type": "",
                "queue_count": 0,
                "stack_type": "IPV4_ONLY",
                "subnetwork": "https://www.googleapis.com/compute/v1/projects/salab-273415/regions/us-central1/subnetworks/default",
                "subnetwork_project": "salab-273415"
              }
            ],
            "project": "salab-273415",
            "reservation_affinity": [],
            "resource_policies": [],
            "scheduling": [
              {
                "automatic_restart": true,
                "min_node_cpus": 0,
                "node_affinities": [],
                "on_host_maintenance": "MIGRATE",
                "preemptible": false
              }
            ],
            "scratch_disk": [
              {
                "interface": "SCSI"
              }
            ],
            "self_link": "https://www.googleapis.com/compute/v1/projects/salab-273415/zones/us-central1-a/instances/partner-training3",
            "service_account": [],
            "shielded_instance_config": [
              {
                "enable_integrity_monitoring": true,
                "enable_secure_boot": false,
                "enable_vtpm": true
              }
            ],
            "tags": [
              "stefan",
              "terraform"
            ],
            "tags_fingerprint": "mKlyezn3Msk=",
            "timeouts": null,
            "zone": "us-central1-a"
          },
          "sensitive_attributes": [],
          "private": "eyJlMmJmYjczMC1lY2FhLTExZTYtOGY4OC0zNDM2M2JjN2M0YzAiOnsiY3JlYXRlIjoxMjAwMDAwMDAwMDAwLCJkZWxldGUiOjEyMDAwMDAwMDAwMDAsInVwZGF0ZSI6MTIwMDAwMDAwMDAwMH0sInNjaGVtYV92ZXJzaW9uIjoiNiJ9"
        }
      ]
    }
  ]
}
